
Microsoft Visual Studio Solution File, Format Version 12.00
# Visual Studio 15
VisualStudioVersion = 15.0.27130.2036
MinimumVisualStudioVersion = 10.0.40219.1
Project("{00D1A9C2-B5F0-4AF3-8072-F6C62B433612}") = "QueueDb.Sql", "QueueDb.Sql\QueueDb.Sql.sqlproj", "{B1D3E5C3-92B7-4F75-9FDE-C4AC53CF7990}"
EndProject
Project("{FAE04EC0-301F-11D3-BF4B-00C04F79EFBC}") = "MessageBroker.Common", "MessageBroker.Common\MessageBroker.Common.csproj", "{096497DD-A50E-408A-9F60-ACA51F451756}"
EndProject
Project("{2150E333-8FDC-42A3-9474-1A3956D46DE8}") = "Tools", "Tools", "{666884AC-CB4A-44BA-A10B-0EB366839BD2}"
EndProject
Project("{FAE04EC0-301F-11D3-BF4B-00C04F79EFBC}") = "Khooversoft.Toolbox", "..\..\Toolbox\Src\Dev\Khooversoft.Toolbox\Khooversoft.Toolbox.csproj", "{7C91AE08-D47E-467B-92B1-8DD5C85CCD8D}"
EndProject
Project("{FAE04EC0-301F-11D3-BF4B-00C04F79EFBC}") = "Khooversoft.Sql", "..\..\Toolbox\Src\Dev\Khooversoft.Sql\Khooversoft.Sql.csproj", "{21F7B073-2410-4251-AB78-3A0E450684BB}"
EndProject
Project("{FAE04EC0-301F-11D3-BF4B-00C04F79EFBC}") = "Khooversoft.Net", "..\..\Toolbox\Src\Dev\Khooversoft.Net\Khooversoft.Net.csproj", "{4C580B5F-01B2-499F-B800-64EBAA878AC0}"
EndProject
Project("{FAE04EC0-301F-11D3-BF4B-00C04F79EFBC}") = "MessageBroker.QueueDbRepository.Test", "MessageBroker.QueueDbRepository.Test\MessageBroker.QueueDbRepository.Test.csproj", "{C946AE37-42A8-48F8-A359-8EE344B5833C}"
EndProject
Project("{FAE04EC0-301F-11D3-BF4B-00C04F79EFBC}") = "MessageBroker.QueueDbRepository", "MessageBroker.QueueDbRepository\MessageBroker.QueueDbRepository.csproj", "{50E882CA-2FE2-4772-9628-0E068F2F6281}"
EndProject
Project("{FAE04EC0-301F-11D3-BF4B-00C04F79EFBC}") = "Khooversoft.EventFlow", "..\..\Toolbox\Src\Dev\Khooversoft.EventFlow\Khooversoft.EventFlow.csproj", "{36A4183F-5703-453F-AEF4-BF0D393E40EF}"
EndProject
Project("{FAE04EC0-301F-11D3-BF4B-00C04F79EFBC}") = "Khooversoft.Observers", "..\..\Toolbox\Src\Dev\Khooversoft.Observers\Khooversoft.Observers.csproj", "{D2430893-D8FD-49AC-9332-EABFB2459521}"
EndProject
Project("{A07B5EB6-E848-4116-A8D0-A826331D98C6}") = "MessageBroker.ServiceFabric", "MessageBroker.ServiceFabric\MessageBroker.ServiceFabric.sfproj", "{C82AA8A9-C553-4CB3-BA84-B068EB2D0324}"
EndProject
Project("{9A19103F-16F7-4668-BE54-9A1E7A4F7556}") = "MessageBrokerApi", "MessageBrokerApi\MessageBrokerApi.csproj", "{3B5E8312-16CF-4217-A49C-B821482A8B93}"
EndProject
Project("{FAE04EC0-301F-11D3-BF4B-00C04F79EFBC}") = "Khooversoft.AspMvc", "..\..\Toolbox\Src\Dev\Khooversoft.AspMvc\Khooversoft.AspMvc.csproj", "{C2087D8C-3A08-4908-B311-49CD2F38F19E}"
EndProject
Project("{FAE04EC0-301F-11D3-BF4B-00C04F79EFBC}") = "MessageBroker.Configuration", "MessageBroker.Configuration\MessageBroker.Configuration.csproj", "{519C1D94-3227-44B9-B440-193583B2DB07}"
EndProject
Project("{FAE04EC0-301F-11D3-BF4B-00C04F79EFBC}") = "Khooversoft.Security", "..\..\Toolbox\Src\Dev\Khooversoft.Security\Khooversoft.Security.csproj", "{B6B9A040-63DA-4740-99DD-67877D77C9C8}"
EndProject
Project("{FAE04EC0-301F-11D3-BF4B-00C04F79EFBC}") = "Khooversoft.Services", "..\..\Toolbox\Src\Dev\Khooversoft.Services\Khooversoft.Services.csproj", "{89CF141D-400B-4D2C-ADC0-4442B46D8BE4}"
EndProject
Project("{FAE04EC0-301F-11D3-BF4B-00C04F79EFBC}") = "Khooversoft.Actor", "..\..\Toolbox\Src\Dev\Khooversoft.Actor\Khooversoft.Actor.csproj", "{2236FBE3-0681-4904-B871-A9EDEA887710}"
EndProject
Project("{FAE04EC0-301F-11D3-BF4B-00C04F79EFBC}") = "MessageBroker.Api.Test", "MessageBroker.Api.Test\MessageBroker.Api.Test.csproj", "{86527EBC-A96B-45A1-95BC-882A7A8E588F}"
EndProject
Global
	GlobalSection(SolutionConfigurationPlatforms) = preSolution
		Debug|Any CPU = Debug|Any CPU
		Debug|x64 = Debug|x64
		Release|Any CPU = Release|Any CPU
		Release|x64 = Release|x64
	EndGlobalSection
	GlobalSection(ProjectConfigurationPlatforms) = postSolution
		{B1D3E5C3-92B7-4F75-9FDE-C4AC53CF7990}.Debug|Any CPU.ActiveCfg = Debug|Any CPU
		{B1D3E5C3-92B7-4F75-9FDE-C4AC53CF7990}.Debug|Any CPU.Build.0 = Debug|Any CPU
		{B1D3E5C3-92B7-4F75-9FDE-C4AC53CF7990}.Debug|Any CPU.Deploy.0 = Debug|Any CPU
		{B1D3E5C3-92B7-4F75-9FDE-C4AC53CF7990}.Debug|x64.ActiveCfg = Debug|Any CPU
		{B1D3E5C3-92B7-4F75-9FDE-C4AC53CF7990}.Debug|x64.Build.0 = Debug|Any CPU
		{B1D3E5C3-92B7-4F75-9FDE-C4AC53CF7990}.Debug|x64.Deploy.0 = Debug|Any CPU
		{B1D3E5C3-92B7-4F75-9FDE-C4AC53CF7990}.Release|Any CPU.ActiveCfg = Release|Any CPU
		{B1D3E5C3-92B7-4F75-9FDE-C4AC53CF7990}.Release|Any CPU.Build.0 = Release|Any CPU
		{B1D3E5C3-92B7-4F75-9FDE-C4AC53CF7990}.Release|Any CPU.Deploy.0 = Release|Any CPU
		{B1D3E5C3-92B7-4F75-9FDE-C4AC53CF7990}.Release|x64.ActiveCfg = Release|Any CPU
		{B1D3E5C3-92B7-4F75-9FDE-C4AC53CF7990}.Release|x64.Build.0 = Release|Any CPU
		{B1D3E5C3-92B7-4F75-9FDE-C4AC53CF7990}.Release|x64.Deploy.0 = Release|Any CPU
		{096497DD-A50E-408A-9F60-ACA51F451756}.Debug|Any CPU.ActiveCfg = Debug|Any CPU
		{096497DD-A50E-408A-9F60-ACA51F451756}.Debug|Any CPU.Build.0 = Debug|Any CPU
		{096497DD-A50E-408A-9F60-ACA51F451756}.Debug|x64.ActiveCfg = Debug|Any CPU
		{096497DD-A50E-408A-9F60-ACA51F451756}.Debug|x64.Build.0 = Debug|Any CPU
		{096497DD-A50E-408A-9F60-ACA51F451756}.Release|Any CPU.ActiveCfg = Release|Any CPU
		{096497DD-A50E-408A-9F60-ACA51F451756}.Release|Any CPU.Build.0 = Release|Any CPU
		{096497DD-A50E-408A-9F60-ACA51F451756}.Release|x64.ActiveCfg = Release|Any CPU
		{096497DD-A50E-408A-9F60-ACA51F451756}.Release|x64.Build.0 = Release|Any CPU
		{7C91AE08-D47E-467B-92B1-8DD5C85CCD8D}.Debug|Any CPU.ActiveCfg = Debug|Any CPU
		{7C91AE08-D47E-467B-92B1-8DD5C85CCD8D}.Debug|Any CPU.Build.0 = Debug|Any CPU
		{7C91AE08-D47E-467B-92B1-8DD5C85CCD8D}.Debug|x64.ActiveCfg = Debug|Any CPU
		{7C91AE08-D47E-467B-92B1-8DD5C85CCD8D}.Debug|x64.Build.0 = Debug|Any CPU
		{7C91AE08-D47E-467B-92B1-8DD5C85CCD8D}.Release|Any CPU.ActiveCfg = Release|Any CPU
		{7C91AE08-D47E-467B-92B1-8DD5C85CCD8D}.Release|Any CPU.Build.0 = Release|Any CPU
		{7C91AE08-D47E-467B-92B1-8DD5C85CCD8D}.Release|x64.ActiveCfg = Release|Any CPU
		{7C91AE08-D47E-467B-92B1-8DD5C85CCD8D}.Release|x64.Build.0 = Release|Any CPU
		{21F7B073-2410-4251-AB78-3A0E450684BB}.Debug|Any CPU.ActiveCfg = Debug|Any CPU
		{21F7B073-2410-4251-AB78-3A0E450684BB}.Debug|Any CPU.Build.0 = Debug|Any CPU
		{21F7B073-2410-4251-AB78-3A0E450684BB}.Debug|x64.ActiveCfg = Debug|Any CPU
		{21F7B073-2410-4251-AB78-3A0E450684BB}.Debug|x64.Build.0 = Debug|Any CPU
		{21F7B073-2410-4251-AB78-3A0E450684BB}.Release|Any CPU.ActiveCfg = Release|Any CPU
		{21F7B073-2410-4251-AB78-3A0E450684BB}.Release|Any CPU.Build.0 = Release|Any CPU
		{21F7B073-2410-4251-AB78-3A0E450684BB}.Release|x64.ActiveCfg = Release|Any CPU
		{21F7B073-2410-4251-AB78-3A0E450684BB}.Release|x64.Build.0 = Release|Any CPU
		{4C580B5F-01B2-499F-B800-64EBAA878AC0}.Debug|Any CPU.ActiveCfg = Debug|Any CPU
		{4C580B5F-01B2-499F-B800-64EBAA878AC0}.Debug|Any CPU.Build.0 = Debug|Any CPU
		{4C580B5F-01B2-499F-B800-64EBAA878AC0}.Debug|x64.ActiveCfg = Debug|Any CPU
		{4C580B5F-01B2-499F-B800-64EBAA878AC0}.Debug|x64.Build.0 = Debug|Any CPU
		{4C580B5F-01B2-499F-B800-64EBAA878AC0}.Release|Any CPU.ActiveCfg = Release|Any CPU
		{4C580B5F-01B2-499F-B800-64EBAA878AC0}.Release|Any CPU.Build.0 = Release|Any CPU
		{4C580B5F-01B2-499F-B800-64EBAA878AC0}.Release|x64.ActiveCfg = Release|Any CPU
		{4C580B5F-01B2-499F-B800-64EBAA878AC0}.Release|x64.Build.0 = Release|Any CPU
		{C946AE37-42A8-48F8-A359-8EE344B5833C}.Debug|Any CPU.ActiveCfg = Debug|Any CPU
		{C946AE37-42A8-48F8-A359-8EE344B5833C}.Debug|Any CPU.Build.0 = Debug|Any CPU
		{C946AE37-42A8-48F8-A359-8EE344B5833C}.Debug|x64.ActiveCfg = Debug|Any CPU
		{C946AE37-42A8-48F8-A359-8EE344B5833C}.Debug|x64.Build.0 = Debug|Any CPU
		{C946AE37-42A8-48F8-A359-8EE344B5833C}.Release|Any CPU.ActiveCfg = Release|Any CPU
		{C946AE37-42A8-48F8-A359-8EE344B5833C}.Release|Any CPU.Build.0 = Release|Any CPU
		{C946AE37-42A8-48F8-A359-8EE344B5833C}.Release|x64.ActiveCfg = Release|Any CPU
		{C946AE37-42A8-48F8-A359-8EE344B5833C}.Release|x64.Build.0 = Release|Any CPU
		{50E882CA-2FE2-4772-9628-0E068F2F6281}.Debug|Any CPU.ActiveCfg = Debug|Any CPU
		{50E882CA-2FE2-4772-9628-0E068F2F6281}.Debug|Any CPU.Build.0 = Debug|Any CPU
		{50E882CA-2FE2-4772-9628-0E068F2F6281}.Debug|x64.ActiveCfg = Debug|Any CPU
		{50E882CA-2FE2-4772-9628-0E068F2F6281}.Debug|x64.Build.0 = Debug|Any CPU
		{50E882CA-2FE2-4772-9628-0E068F2F6281}.Release|Any CPU.ActiveCfg = Release|Any CPU
		{50E882CA-2FE2-4772-9628-0E068F2F6281}.Release|Any CPU.Build.0 = Release|Any CPU
		{50E882CA-2FE2-4772-9628-0E068F2F6281}.Release|x64.ActiveCfg = Release|Any CPU
		{50E882CA-2FE2-4772-9628-0E068F2F6281}.Release|x64.Build.0 = Release|Any CPU
		{36A4183F-5703-453F-AEF4-BF0D393E40EF}.Debug|Any CPU.ActiveCfg = Debug|Any CPU
		{36A4183F-5703-453F-AEF4-BF0D393E40EF}.Debug|Any CPU.Build.0 = Debug|Any CPU
		{36A4183F-5703-453F-AEF4-BF0D393E40EF}.Debug|x64.ActiveCfg = Debug|Any CPU
		{36A4183F-5703-453F-AEF4-BF0D393E40EF}.Debug|x64.Build.0 = Debug|Any CPU
		{36A4183F-5703-453F-AEF4-BF0D393E40EF}.Release|Any CPU.ActiveCfg = Release|Any CPU
		{36A4183F-5703-453F-AEF4-BF0D393E40EF}.Release|Any CPU.Build.0 = Release|Any CPU
		{36A4183F-5703-453F-AEF4-BF0D393E40EF}.Release|x64.ActiveCfg = Release|Any CPU
		{36A4183F-5703-453F-AEF4-BF0D393E40EF}.Release|x64.Build.0 = Release|Any CPU
		{D2430893-D8FD-49AC-9332-EABFB2459521}.Debug|Any CPU.ActiveCfg = Debug|Any CPU
		{D2430893-D8FD-49AC-9332-EABFB2459521}.Debug|Any CPU.Build.0 = Debug|Any CPU
		{D2430893-D8FD-49AC-9332-EABFB2459521}.Debug|x64.ActiveCfg = Debug|Any CPU
		{D2430893-D8FD-49AC-9332-EABFB2459521}.Debug|x64.Build.0 = Debug|Any CPU
		{D2430893-D8FD-49AC-9332-EABFB2459521}.Release|Any CPU.ActiveCfg = Release|Any CPU
		{D2430893-D8FD-49AC-9332-EABFB2459521}.Release|Any CPU.Build.0 = Release|Any CPU
		{D2430893-D8FD-49AC-9332-EABFB2459521}.Release|x64.ActiveCfg = Release|Any CPU
		{D2430893-D8FD-49AC-9332-EABFB2459521}.Release|x64.Build.0 = Release|Any CPU
		{C82AA8A9-C553-4CB3-BA84-B068EB2D0324}.Debug|Any CPU.ActiveCfg = Debug|x64
		{C82AA8A9-C553-4CB3-BA84-B068EB2D0324}.Debug|Any CPU.Build.0 = Debug|x64
		{C82AA8A9-C553-4CB3-BA84-B068EB2D0324}.Debug|Any CPU.Deploy.0 = Debug|x64
		{C82AA8A9-C553-4CB3-BA84-B068EB2D0324}.Debug|x64.ActiveCfg = Debug|x64
		{C82AA8A9-C553-4CB3-BA84-B068EB2D0324}.Debug|x64.Build.0 = Debug|x64
		{C82AA8A9-C553-4CB3-BA84-B068EB2D0324}.Debug|x64.Deploy.0 = Debug|x64
		{C82AA8A9-C553-4CB3-BA84-B068EB2D0324}.Release|Any CPU.ActiveCfg = Release|x64
		{C82AA8A9-C553-4CB3-BA84-B068EB2D0324}.Release|x64.ActiveCfg = Release|x64
		{C82AA8A9-C553-4CB3-BA84-B068EB2D0324}.Release|x64.Build.0 = Release|x64
		{C82AA8A9-C553-4CB3-BA84-B068EB2D0324}.Release|x64.Deploy.0 = Release|x64
		{3B5E8312-16CF-4217-A49C-B821482A8B93}.Debug|Any CPU.ActiveCfg = Debug|Any CPU
		{3B5E8312-16CF-4217-A49C-B821482A8B93}.Debug|Any CPU.Build.0 = Debug|Any CPU
		{3B5E8312-16CF-4217-A49C-B821482A8B93}.Debug|x64.ActiveCfg = Debug|Any CPU
		{3B5E8312-16CF-4217-A49C-B821482A8B93}.Debug|x64.Build.0 = Debug|Any CPU
		{3B5E8312-16CF-4217-A49C-B821482A8B93}.Release|Any CPU.ActiveCfg = Release|Any CPU
		{3B5E8312-16CF-4217-A49C-B821482A8B93}.Release|Any CPU.Build.0 = Release|Any CPU
		{3B5E8312-16CF-4217-A49C-B821482A8B93}.Release|x64.ActiveCfg = Release|Any CPU
		{3B5E8312-16CF-4217-A49C-B821482A8B93}.Release|x64.Build.0 = Release|Any CPU
		{C2087D8C-3A08-4908-B311-49CD2F38F19E}.Debug|Any CPU.ActiveCfg = Debug|Any CPU
		{C2087D8C-3A08-4908-B311-49CD2F38F19E}.Debug|Any CPU.Build.0 = Debug|Any CPU
		{C2087D8C-3A08-4908-B311-49CD2F38F19E}.Debug|x64.ActiveCfg = Debug|Any CPU
		{C2087D8C-3A08-4908-B311-49CD2F38F19E}.Debug|x64.Build.0 = Debug|Any CPU
		{C2087D8C-3A08-4908-B311-49CD2F38F19E}.Release|Any CPU.ActiveCfg = Release|Any CPU
		{C2087D8C-3A08-4908-B311-49CD2F38F19E}.Release|Any CPU.Build.0 = Release|Any CPU
		{C2087D8C-3A08-4908-B311-49CD2F38F19E}.Release|x64.ActiveCfg = Release|Any CPU
		{C2087D8C-3A08-4908-B311-49CD2F38F19E}.Release|x64.Build.0 = Release|Any CPU
		{519C1D94-3227-44B9-B440-193583B2DB07}.Debug|Any CPU.ActiveCfg = Debug|Any CPU
		{519C1D94-3227-44B9-B440-193583B2DB07}.Debug|Any CPU.Build.0 = Debug|Any CPU
		{519C1D94-3227-44B9-B440-193583B2DB07}.Debug|x64.ActiveCfg = Debug|Any CPU
		{519C1D94-3227-44B9-B440-193583B2DB07}.Debug|x64.Build.0 = Debug|Any CPU
		{519C1D94-3227-44B9-B440-193583B2DB07}.Release|Any CPU.ActiveCfg = Release|Any CPU
		{519C1D94-3227-44B9-B440-193583B2DB07}.Release|Any CPU.Build.0 = Release|Any CPU
		{519C1D94-3227-44B9-B440-193583B2DB07}.Release|x64.ActiveCfg = Release|Any CPU
		{519C1D94-3227-44B9-B440-193583B2DB07}.Release|x64.Build.0 = Release|Any CPU
		{B6B9A040-63DA-4740-99DD-67877D77C9C8}.Debug|Any CPU.ActiveCfg = Debug|Any CPU
		{B6B9A040-63DA-4740-99DD-67877D77C9C8}.Debug|Any CPU.Build.0 = Debug|Any CPU
		{B6B9A040-63DA-4740-99DD-67877D77C9C8}.Debug|x64.ActiveCfg = Debug|Any CPU
		{B6B9A040-63DA-4740-99DD-67877D77C9C8}.Debug|x64.Build.0 = Debug|Any CPU
		{B6B9A040-63DA-4740-99DD-67877D77C9C8}.Release|Any CPU.ActiveCfg = Release|Any CPU
		{B6B9A040-63DA-4740-99DD-67877D77C9C8}.Release|Any CPU.Build.0 = Release|Any CPU
		{B6B9A040-63DA-4740-99DD-67877D77C9C8}.Release|x64.ActiveCfg = Release|Any CPU
		{B6B9A040-63DA-4740-99DD-67877D77C9C8}.Release|x64.Build.0 = Release|Any CPU
		{89CF141D-400B-4D2C-ADC0-4442B46D8BE4}.Debug|Any CPU.ActiveCfg = Debug|Any CPU
		{89CF141D-400B-4D2C-ADC0-4442B46D8BE4}.Debug|Any CPU.Build.0 = Debug|Any CPU
		{89CF141D-400B-4D2C-ADC0-4442B46D8BE4}.Debug|x64.ActiveCfg = Debug|Any CPU
		{89CF141D-400B-4D2C-ADC0-4442B46D8BE4}.Debug|x64.Build.0 = Debug|Any CPU
		{89CF141D-400B-4D2C-ADC0-4442B46D8BE4}.Release|Any CPU.ActiveCfg = Release|Any CPU
		{89CF141D-400B-4D2C-ADC0-4442B46D8BE4}.Release|Any CPU.Build.0 = Release|Any CPU
		{89CF141D-400B-4D2C-ADC0-4442B46D8BE4}.Release|x64.ActiveCfg = Release|Any CPU
		{89CF141D-400B-4D2C-ADC0-4442B46D8BE4}.Release|x64.Build.0 = Release|Any CPU
		{2236FBE3-0681-4904-B871-A9EDEA887710}.Debug|Any CPU.ActiveCfg = Debug|Any CPU
		{2236FBE3-0681-4904-B871-A9EDEA887710}.Debug|Any CPU.Build.0 = Debug|Any CPU
		{2236FBE3-0681-4904-B871-A9EDEA887710}.Debug|x64.ActiveCfg = Debug|Any CPU
		{2236FBE3-0681-4904-B871-A9EDEA887710}.Debug|x64.Build.0 = Debug|Any CPU
		{2236FBE3-0681-4904-B871-A9EDEA887710}.Release|Any CPU.ActiveCfg = Release|Any CPU
		{2236FBE3-0681-4904-B871-A9EDEA887710}.Release|Any CPU.Build.0 = Release|Any CPU
		{2236FBE3-0681-4904-B871-A9EDEA887710}.Release|x64.ActiveCfg = Release|Any CPU
		{2236FBE3-0681-4904-B871-A9EDEA887710}.Release|x64.Build.0 = Release|Any CPU
		{86527EBC-A96B-45A1-95BC-882A7A8E588F}.Debug|Any CPU.ActiveCfg = Debug|Any CPU
		{86527EBC-A96B-45A1-95BC-882A7A8E588F}.Debug|Any CPU.Build.0 = Debug|Any CPU
		{86527EBC-A96B-45A1-95BC-882A7A8E588F}.Debug|x64.ActiveCfg = Debug|Any CPU
		{86527EBC-A96B-45A1-95BC-882A7A8E588F}.Debug|x64.Build.0 = Debug|Any CPU
		{86527EBC-A96B-45A1-95BC-882A7A8E588F}.Release|Any CPU.ActiveCfg = Release|Any CPU
		{86527EBC-A96B-45A1-95BC-882A7A8E588F}.Release|Any CPU.Build.0 = Release|Any CPU
		{86527EBC-A96B-45A1-95BC-882A7A8E588F}.Release|x64.ActiveCfg = Release|Any CPU
		{86527EBC-A96B-45A1-95BC-882A7A8E588F}.Release|x64.Build.0 = Release|Any CPU
	EndGlobalSection
	GlobalSection(SolutionProperties) = preSolution
		HideSolutionNode = FALSE
	EndGlobalSection
	GlobalSection(NestedProjects) = preSolution
		{7C91AE08-D47E-467B-92B1-8DD5C85CCD8D} = {666884AC-CB4A-44BA-A10B-0EB366839BD2}
		{21F7B073-2410-4251-AB78-3A0E450684BB} = {666884AC-CB4A-44BA-A10B-0EB366839BD2}
		{4C580B5F-01B2-499F-B800-64EBAA878AC0} = {666884AC-CB4A-44BA-A10B-0EB366839BD2}
		{36A4183F-5703-453F-AEF4-BF0D393E40EF} = {666884AC-CB4A-44BA-A10B-0EB366839BD2}
		{D2430893-D8FD-49AC-9332-EABFB2459521} = {666884AC-CB4A-44BA-A10B-0EB366839BD2}
		{C2087D8C-3A08-4908-B311-49CD2F38F19E} = {666884AC-CB4A-44BA-A10B-0EB366839BD2}
		{B6B9A040-63DA-4740-99DD-67877D77C9C8} = {666884AC-CB4A-44BA-A10B-0EB366839BD2}
		{89CF141D-400B-4D2C-ADC0-4442B46D8BE4} = {666884AC-CB4A-44BA-A10B-0EB366839BD2}
		{2236FBE3-0681-4904-B871-A9EDEA887710} = {666884AC-CB4A-44BA-A10B-0EB366839BD2}
	EndGlobalSection
	GlobalSection(ExtensibilityGlobals) = postSolution
		SolutionGuid = {B4F98FB3-6239-49E5-AC4C-7E64BCAE16A6}
	EndGlobalSection
EndGlobal
